# THIS IS AN AUTOGENERATED FILE. DO NOT EDIT THIS FILE DIRECTLY.
# yarn lockfile v1


eleventy@^1.0.6:
  version "1.0.6"
  resolved "https://registry.yarnpkg.com/eleventy/-/eleventy-1.0.6.tgz#938fa5c85e9c6372010ac1852a41d86b9dac4561"
  integrity sha512-IzaPK0P5eF/jm5qdOzrzq2947FFRKpZwHT8AR1WpGI4tTpkLnzwQF02p9m0o5XQQ4dypBExp69fUHViEiHUWpQ==
